// !$*UTF8*$!
{
	archiveVersion = 1;
	classes = {
	};
	objectVersion = 55;
	objects = {

/* Begin PBXBuildFile section */
		CE8AC36D2811C24E0033000E /* AppDelegate.swift in Sources */ = {isa = PBXBuildFile; fileRef = CE8AC36C2811C24E0033000E /* AppDelegate.swift */; };
		CE8AC36F2811C24E0033000E /* SceneDelegate.swift in Sources */ = {isa = PBXBuildFile; fileRef = CE8AC36E2811C24E0033000E /* SceneDelegate.swift */; };
		CE8AC3712811C24E0033000E /* ViewController.swift in Sources */ = {isa = PBXBuildFile; fileRef = CE8AC3702811C24E0033000E /* ViewController.swift */; };
		CE8AC3742811C24E0033000E /* Main.storyboard in Resources */ = {isa = PBXBuildFile; fileRef = CE8AC3722811C24E0033000E /* Main.storyboard */; };
		CE8AC3762811C2500033000E /* Assets.xcassets in Resources */ = {isa = PBXBuildFile; fileRef = CE8AC3752811C2500033000E /* Assets.xcassets */; };
		CE8AC3792811C2500033000E /* LaunchScreen.storyboard in Resources */ = {isa = PBXBuildFile; fileRef = CE8AC3772811C2500033000E /* LaunchScreen.storyboard */; };
		CE8AC3842811C2500033000E /* PracticalCombineTests.swift in Sources */ = {isa = PBXBuildFile; fileRef = CE8AC3832811C2500033000E /* PracticalCombineTests.swift */; };
		CE8AC38E2811C2500033000E /* PracticalCombineUITests.swift in Sources */ = {isa = PBXBuildFile; fileRef = CE8AC38D2811C2500033000E /* PracticalCombineUITests.swift */; };
		CE8AC3902811C2500033000E /* PracticalCombineUITestsLaunchTests.swift in Sources */ = {isa = PBXBuildFile; fileRef = CE8AC38F2811C2500033000E /* PracticalCombineUITestsLaunchTests.swift */; };
/* End PBXBuildFile section */

/* Begin PBXContainerItemProxy section */
		CE8AC3802811C2500033000E /* PBXContainerItemProxy */ = {
			isa = PBXContainerItemProxy;
			containerPortal = CE8AC3612811C24E0033000E /* Project object */;
			proxyType = 1;
			remoteGlobalIDString = CE8AC3682811C24E0033000E;
			remoteInfo = PracticalCombine;
		};
		CE8AC38A2811C2500033000E /* PBXContainerItemProxy */ = {
			isa = PBXContainerItemProxy;
			containerPortal = CE8AC3612811C24E0033000E /* Project object */;
			proxyType = 1;
			remoteGlobalIDString = CE8AC3682811C24E0033000E;
			remoteInfo = PracticalCombine;
		};
/* End PBXContainerItemProxy section */

/* Begin PBXFileReference section */
		CE8AC3692811C24E0033000E /* PracticalCombine.app */ = {isa = PBXFileReference; explicitFileType = wrapper.application; includeInIndex = 0; path = PracticalCombine.app; sourceTree = BUILT_PRODUCTS_DIR; };
		CE8AC36C2811C24E0033000E /* AppDelegate.swift */ = {isa = PBXFileReference; lastKnownFileType = sourcecode.swift; path = AppDelegate.swift; sourceTree = "<group>"; };
		CE8AC36E2811C24E0033000E /* SceneDelegate.swift */ = {isa = PBXFileReference; lastKnownFileType = sourcecode.swift; path = SceneDelegate.swift; sourceTree = "<group>"; };
		CE8AC3702811C24E0033000E /* ViewController.swift */ = {isa = PBXFileReference; lastKnownFileType = sourcecode.swift; path = ViewController.swift; sourceTree = "<group>"; };
		CE8AC3732811C24E0033000E /* Base */ = {isa = PBXFileReference; lastKnownFileType = file.storyboard; name = Base; path = Base.lproj/Main.storyboard; sourceTree = "<group>"; };
		CE8AC3752811C2500033000E /* Assets.xcassets */ = {isa = PBXFileReference; lastKnownFileType = folder.assetcatalog; path = Assets.xcassets; sourceTree = "<group>"; };
		CE8AC3782811C2500033000E /* Base */ = {isa = PBXFileReference; lastKnownFileType = file.storyboard; name = Base; path = Base.lproj/LaunchScreen.storyboard; sourceTree = "<group>"; };
		CE8AC37A2811C2500033000E /* Info.plist */ = {isa = PBXFileReference; lastKnownFileType = text.plist.xml; path = Info.plist; sourceTree = "<group>"; };
		CE8AC37F2811C2500033000E /* PracticalCombineTests.xctest */ = {isa = PBXFileReference; explicitFileType = wrapper.cfbundle; includeInIndex = 0; path = PracticalCombineTests.xctest; sourceTree = BUILT_PRODUCTS_DIR; };
		CE8AC3832811C2500033000E /* PracticalCombineTests.swift */ = {isa = PBXFileReference; lastKnownFileType = sourcecode.swift; path = PracticalCombineTests.swift; sourceTree = "<group>"; };
		CE8AC3892811C2500033000E /* PracticalCombineUITests.xctest */ = {isa = PBXFileReference; explicitFileType = wrapper.cfbundle; includeInIndex = 0; path = PracticalCombineUITests.xctest; sourceTree = BUILT_PRODUCTS_DIR; };
		CE8AC38D2811C2500033000E /* PracticalCombineUITests.swift */ = {isa = PBXFileReference; lastKnownFileType = sourcecode.swift; path = PracticalCombineUITests.swift; sourceTree = "<group>"; };
		CE8AC38F2811C2500033000E /* PracticalCombineUITestsLaunchTests.swift */ = {isa = PBXFileReference; lastKnownFileType = sourcecode.swift; path = PracticalCombineUITestsLaunchTests.swift; sourceTree = "<group>"; };
/* End PBXFileReference section */

/* Begin PBXFrameworksBuildPhase section */
		CE8AC3662811C24E0033000E /* Frameworks */ = {
			isa = PBXFrameworksBuildPhase;
			buildActionMask = 2147483647;
			files = (
			);
			runOnlyForDeploymentPostprocessing = 0;
		};
		CE8AC37C2811C2500033000E /* Frameworks */ = {
			isa = PBXFrameworksBuildPhase;
			buildActionMask = 2147483647;
			files = (
			);
			runOnlyForDeploymentPostprocessing = 0;
		};
		CE8AC3862811C2500033000E /* Frameworks */ = {
			isa = PBXFrameworksBuildPhase;
			buildActionMask = 2147483647;
			files = (
			);
			runOnlyForDeploymentPostprocessing = 0;
		};
/* End PBXFrameworksBuildPhase section */

/* Begin PBXGroup section */
		CE8AC3602811C24E0033000E = {
			isa = PBXGroup;
			children = (
				CE8AC36B2811C24E0033000E /* PracticalCombine */,
				CE8AC3822811C2500033000E /* PracticalCombineTests */,
				CE8AC38C2811C2500033000E /* PracticalCombineUITests */,
				CE8AC36A2811C24E0033000E /* Products */,
			);
			sourceTree = "<group>";
		};
		CE8AC36A2811C24E0033000E /* Products */ = {
			isa = PBXGroup;
			children = (
				CE8AC3692811C24E0033000E /* PracticalCombine.app */,
				CE8AC37F2811C2500033000E /* PracticalCombineTests.xctest */,
				CE8AC3892811C2500033000E /* PracticalCombineUITests.xctest */,
			);
			name = Products;
			sourceTree = "<group>";
		};
		CE8AC36B2811C24E0033000E /* PracticalCombine */ = {
			isa = PBXGroup;
			children = (
				CE8AC36C2811C24E0033000E /* AppDelegate.swift */,
				CE8AC36E2811C24E0033000E /* SceneDelegate.swift */,
				CE8AC3702811C24E0033000E /* ViewController.swift */,
				CE8AC3722811C24E0033000E /* Main.storyboard */,
				CE8AC3752811C2500033000E /* Assets.xcassets */,
				CE8AC3772811C2500033000E /* LaunchScreen.storyboard */,
				CE8AC37A2811C2500033000E /* Info.plist */,
			);
			path = PracticalCombine;
			sourceTree = "<group>";
		};
		CE8AC3822811C2500033000E /* PracticalCombineTests */ = {
			isa = PBXGroup;
			children = (
				CE8AC3832811C2500033000E /* PracticalCombineTests.swift */,
			);
			path = PracticalCombineTests;
			sourceTree = "<group>";
		};
		CE8AC38C2811C2500033000E /* PracticalCombineUITests */ = {
			isa = PBXGroup;
			children = (
				CE8AC38D2811C2500033000E /* PracticalCombineUITests.swift */,
				CE8AC38F2811C2500033000E /* PracticalCombineUITestsLaunchTests.swift */,
			);
			path = PracticalCombineUITests;
			sourceTree = "<group>";
		};
/* End PBXGroup section */

/* Begin PBXNativeTarget section */
		CE8AC3682811C24E0033000E /* PracticalCombine */ = {
			isa = PBXNativeTarget;
			buildConfigurationList = CE8AC3932811C2500033000E /* Build configuration list for PBXNativeTarget "PracticalCombine" */;
			buildPhases = (
				CE8AC3652811C24E0033000E /* Sources */,
				CE8AC3662811C24E0033000E /* Frameworks */,
				CE8AC3672811C24E0033000E /* Resources */,
			);
			buildRules = (
			);
			dependencies = (
			);
			name = PracticalCombine;
			productName = PracticalCombine;
			productReference = CE8AC3692811C24E0033000E /* PracticalCombine.app */;
			productType = "com.apple.product-type.application";
		};
		CE8AC37E2811C2500033000E /* PracticalCombineTests */ = {
			isa = PBXNativeTarget;
			buildConfigurationList = CE8AC3962811C2500033000E /* Build configuration list for PBXNativeTarget "PracticalCombineTests" */;
			buildPhases = (
				CE8AC37B2811C2500033000E /* Sources */,
				CE8AC37C2811C2500033000E /* Frameworks */,
				CE8AC37D2811C2500033000E /* Resources */,
			);
			buildRules = (
			);
			dependencies = (
				CE8AC3812811C2500033000E /* PBXTargetDependency */,
			);
			name = PracticalCombineTests;
			productName = PracticalCombineTests;
			productReference = CE8AC37F2811C2500033000E /* PracticalCombineTests.xctest */;
			productType = "com.apple.product-type.bundle.unit-test";
		};
		CE8AC3882811C2500033000E /* PracticalCombineUITests */ = {
			isa = PBXNativeTarget;
			buildConfigurationList = CE8AC3992811C2500033000E /* Build configuration list for PBXNativeTarget "PracticalCombineUITests" */;
			buildPhases = (
				CE8AC3852811C2500033000E /* Sources */,
				CE8AC3862811C2500033000E /* Frameworks */,
				CE8AC3872811C2500033000E /* Resources */,
			);
			buildRules = (
			);
			dependencies = (
				CE8AC38B2811C2500033000E /* PBXTargetDependency */,
			);
			name = PracticalCombineUITests;
			productName = PracticalCombineUITests;
			productReference = CE8AC3892811C2500033000E /* PracticalCombineUITests.xctest */;
			productType = "com.apple.product-type.bundle.ui-testing";
		};
/* End PBXNativeTarget section */

/* Begin PBXProject section */
		CE8AC3612811C24E0033000E /* Project object */ = {
			isa = PBXProject;
			attributes = {
				BuildIndependentTargetsInParallel = 1;
				LastSwiftUpdateCheck = 1330;
				LastUpgradeCheck = 1330;
				TargetAttributes = {
					CE8AC3682811C24E0033000E = {
						CreatedOnToolsVersion = 13.3.1;
					};
					CE8AC37E2811C2500033000E = {
						CreatedOnToolsVersion = 13.3.1;
						TestTargetID = CE8AC3682811C24E0033000E;
					};
					CE8AC3882811C2500033000E = {
						CreatedOnToolsVersion = 13.3.1;
						TestTargetID = CE8AC3682811C24E0033000E;
					};
				};
			};
			buildConfigurationList = CE8AC3642811C24E0033000E /* Build configuration list for PBXProject "PracticalCombine" */;
			compatibilityVersion = "Xcode 13.0";
			developmentRegion = en;
			hasScannedForEncodings = 0;
			knownRegions = (
				en,
				Base,
			);
			mainGroup = CE8AC3602811C24E0033000E;
			productRefGroup = CE8AC36A2811C24E0033000E /* Products */;
			projectDirPath = "";
			projectRoot = "";
			targets = (
				CE8AC3682811C24E0033000E /* PracticalCombine */,
				CE8AC37E2811C2500033000E /* PracticalCombineTests */,
				CE8AC3882811C2500033000E /* PracticalCombineUITests */,
			);
		};
/* End PBXProject section */

/* Begin PBXResourcesBuildPhase section */
		CE8AC3672811C24E0033000E /* Resources */ = {
			isa = PBXResourcesBuildPhase;
			buildActionMask = 2147483647;
			files = (
				CE8AC3792811C2500033000E /* LaunchScreen.storyboard in Resources */,
				CE8AC3762811C2500033000E /* Assets.xcassets in Resources */,
				CE8AC3742811C24E0033000E /* Main.storyboard in Resources */,
			);
			runOnlyForDeploymentPostprocessing = 0;
		};
		CE8AC37D2811C2500033000E /* Resources */ = {
			isa = PBXResourcesBuildPhase;
			buildActionMask = 2147483647;
			files = (
			);
			runOnlyForDeploymentPostprocessing = 0;
		};
		CE8AC3872811C2500033000E /* Resources */ = {
			isa = PBXResourcesBuildPhase;
			buildActionMask = 2147483647;
			files = (
			);
			runOnlyForDeploymentPostprocessing = 0;
		};
/* End PBXResourcesBuildPhase section */

/* Begin PBXSourcesBuildPhase section */
		CE8AC3652811C24E0033000E /* Sources */ = {
			isa = PBXSourcesBuildPhase;
			buildActionMask = 2147483647;
			files = (
				CE8AC3712811C24E0033000E /* ViewController.swift in Sources */,
				CE8AC36D2811C24E0033000E /* AppDelegate.swift in Sources */,
				CE8AC36F2811C24E0033000E /* SceneDelegate.swift in Sources */,
			);
			runOnlyForDeploymentPostprocessing = 0;
		};
		CE8AC37B2811C2500033000E /* Sources */ = {
			isa = PBXSourcesBuildPhase;
			buildActionMask = 2147483647;
			files = (
				CE8AC3842811C2500033000E /* PracticalCombineTests.swift in Sources */,
			);
			runOnlyForDeploymentPostprocessing = 0;
		};
		CE8AC3852811C2500033000E /* Sources */ = {
			isa = PBXSourcesBuildPhase;
			buildActionMask = 2147483647;
			files = (
				CE8AC3902811C2500033000E /* PracticalCombineUITestsLaunchTests.swift in Sources */,
				CE8AC38E2811C2500033000E /* PracticalCombineUITests.swift in Sources */,
			);
			runOnlyForDeploymentPostprocessing = 0;
		};
/* End PBXSourcesBuildPhase section */

/* Begin PBXTargetDependency section */
		CE8AC3812811C2500033000E /* PBXTargetDependency */ = {
			isa = PBXTargetDependency;
			target = CE8AC3682811C24E0033000E /* PracticalCombine */;
			targetProxy = CE8AC3802811C2500033000E /* PBXContainerItemProxy */;
		};
		CE8AC38B2811C2500033000E /* PBXTargetDependency */ = {
			isa = PBXTargetDependency;
			target = CE8AC3682811C24E0033000E /* PracticalCombine */;
			targetProxy = CE8AC38A2811C2500033000E /* PBXContainerItemProxy */;
		};
/* End PBXTargetDependency section */

/* Begin PBXVariantGroup section */
		CE8AC3722811C24E0033000E /* Main.storyboard */ = {
			isa = PBXVariantGroup;
			children = (
				CE8AC3732811C24E0033000E /* Base */,
			);
			name = Main.storyboard;
			sourceTree = "<group>";
		};
		CE8AC3772811C2500033000E /* LaunchScreen.storyboard */ = {
			isa = PBXVariantGroup;
			children = (
				CE8AC3782811C2500033000E /* Base */,
			);
			name = LaunchScreen.storyboard;
			sourceTree = "<group>";
		};
/* End PBXVariantGroup section */

/* Begin XCBuildConfiguration section */
		CE8AC3912811C2500033000E /* Debug */ = {
			isa = XCBuildConfiguration;
			buildSettings = {
				ALWAYS_SEARCH_USER_PATHS = NO;
				CLANG_ANALYZER_NONNULL = YES;
				CLANG_ANALYZER_NUMBER_OBJECT_CONVERSION = YES_AGGRESSIVE;
				CLANG_CXX_LANGUAGE_STANDARD = "gnu++17";
				CLANG_ENABLE_MODULES = YES;
				CLANG_ENABLE_OBJC_ARC = YES;
				CLANG_ENABLE_OBJC_WEAK = YES;
				CLANG_WARN_BLOCK_CAPTURE_AUTORELEASING = YES;
				CLANG_WARN_BOOL_CONVERSION = YES;
				CLANG_WARN_COMMA = YES;
				CLANG_WARN_CONSTANT_CONVERSION = YES;
				CLANG_WARN_DEPRECATED_OBJC_IMPLEMENTATIONS = YES;
				CLANG_WARN_DIRECT_OBJC_ISA_USAGE = YES_ERROR;
				CLANG_WARN_DOCUMENTATION_COMMENTS = YES;
				CLANG_WARN_EMPTY_BODY = YES;
				CLANG_WARN_ENUM_CONVERSION = YES;
				CLANG_WARN_INFINITE_RECURSION = YES;
				CLANG_WARN_INT_CONVERSION = YES;
				CLANG_WARN_NON_LITERAL_NULL_CONVERSION = YES;
				CLANG_WARN_OBJC_IMPLICIT_RETAIN_SELF = YES;
				CLANG_WARN_OBJC_LITERAL_CONVERSION = YES;
				CLANG_WARN_OBJC_ROOT_CLASS = YES_ERROR;
				CLANG_WARN_QUOTED_INCLUDE_IN_FRAMEWORK_HEADER = YES;
				CLANG_WARN_RANGE_LOOP_ANALYSIS = YES;
				CLANG_WARN_STRICT_PROTOTYPES = YES;
				CLANG_WARN_SUSPICIOUS_MOVE = YES;
				CLANG_WARN_UNGUARDED_AVAILABILITY = YES_AGGRESSIVE;
				CLANG_WARN_UNREACHABLE_CODE = YES;
				CLANG_WARN__DUPLICATE_METHOD_MATCH = YES;
				COPY_PHASE_STRIP = NO;
				DEBUG_INFORMATION_FORMAT = dwarf;
				ENABLE_STRICT_OBJC_MSGSEND = YES;
				ENABLE_TESTABILITY = YES;
				GCC_C_LANGUAGE_STANDARD = gnu11;
				GCC_DYNAMIC_NO_PIC = NO;
				GCC_NO_COMMON_BLOCKS = YES;
				GCC_OPTIMIZATION_LEVEL = 0;
				GCC_PREPROCESSOR_DEFINITIONS = (
					"DEBUG=1",
					"$(inherited)",
				);
				GCC_WARN_64_TO_32_BIT_CONVERSION = YES;
				GCC_WARN_ABOUT_RETURN_TYPE = YES_ERROR;
				GCC_WARN_UNDECLARED_SELECTOR = YES;
				GCC_WARN_UNINITIALIZED_AUTOS = YES_AGGRESSIVE;
				GCC_WARN_UNUSED_FUNCTION = YES;
				GCC_WARN_UNUSED_VARIABLE = YES;
				IPHONEOS_DEPLOYMENT_TARGET = 15.4;
				MTL_ENABLE_DEBUG_INFO = INCLUDE_SOURCE;
				MTL_FAST_MATH = YES;
				ONLY_ACTIVE_ARCH = YES;
				SDKROOT = iphoneos;
				SWIFT_ACTIVE_COMPILATION_CONDITIONS = DEBUG;
				SWIFT_OPTIMIZATION_LEVEL = "-Onone";
			};
			name = Debug;
		};
		CE8AC3922811C2500033000E /* Release */ = {
			isa = XCBuildConfiguration;
			buildSettings = {
				ALWAYS_SEARCH_USER_PATHS = NO;
				CLANG_ANALYZER_NONNULL = YES;
				CLANG_ANALYZER_NUMBER_OBJECT_CONVERSION = YES_AGGRESSIVE;
				CLANG_CXX_LANGUAGE_STANDARD = "gnu++17";
				CLANG_ENABLE_MODULES = YES;
				CLANG_ENABLE_OBJC_ARC = YES;
				CLANG_ENABLE_OBJC_WEAK = YES;
				CLANG_WARN_BLOCK_CAPTURE_AUTORELEASING = YES;
				CLANG_WARN_BOOL_CONVERSION = YES;
				CLANG_WARN_COMMA = YES;
				CLANG_WARN_CONSTANT_CONVERSION = YES;
				CLANG_WARN_DEPRECATED_OBJC_IMPLEMENTATIONS = YES;
				CLANG_WARN_DIRECT_OBJC_ISA_USAGE = YES_ERROR;
				CLANG_WARN_DOCUMENTATION_COMMENTS = YES;
				CLANG_WARN_EMPTY_BODY = YES;
				CLANG_WARN_ENUM_CONVERSION = YES;
				CLANG_WARN_INFINITE_RECURSION = YES;
				CLANG_WARN_INT_CONVERSION = YES;
				CLANG_WARN_NON_LITERAL_NULL_CONVERSION = YES;
				CLANG_WARN_OBJC_IMPLICIT_RETAIN_SELF = YES;
				CLANG_WARN_OBJC_LITERAL_CONVERSION = YES;
				CLANG_WARN_OBJC_ROOT_CLASS = YES_ERROR;
				CLANG_WARN_QUOTED_INCLUDE_IN_FRAMEWORK_HEADER = YES;
				CLANG_WARN_RANGE_LOOP_ANALYSIS = YES;
				CLANG_WARN_STRICT_PROTOTYPES = YES;
				CLANG_WARN_SUSPICIOUS_MOVE = YES;
				CLANG_WARN_UNGUARDED_AVAILABILITY = YES_AGGRESSIVE;
				CLANG_WARN_UNREACHABLE_CODE = YES;
				CLANG_WARN__DUPLICATE_METHOD_MATCH = YES;
				COPY_PHASE_STRIP = NO;
				DEBUG_INFORMATION_FORMAT = "dwarf-with-dsym";
				ENABLE_NS_ASSERTIONS = NO;
				ENABLE_STRICT_OBJC_MSGSEND = YES;
				GCC_C_LANGUAGE_STANDARD = gnu11;
				GCC_NO_COMMON_BLOCKS = YES;
				GCC_WARN_64_TO_32_BIT_CONVERSION = YES;
				GCC_WARN_ABOUT_RETURN_TYPE = YES_ERROR;
				GCC_WARN_UNDECLARED_SELECTOR = YES;
				GCC_WARN_UNINITIALIZED_AUTOS = YES_AGGRESSIVE;
				GCC_WARN_UNUSED_FUNCTION = YES;
				GCC_WARN_UNUSED_VARIABLE = YES;
				IPHONEOS_DEPLOYMENT_TARGET = 15.4;
				MTL_ENABLE_DEBUG_INFO = NO;
				MTL_FAST_MATH = YES;
				SDKROOT = iphoneos;
				SWIFT_COMPILATION_MODE = wholemodule;
				SWIFT_OPTIMIZATION_LEVEL = "-O";
				VALIDATE_PRODUCT = YES;
			};
			name = Release;
		};
		CE8AC3942811C2500033000E /* Debug */ = {
			isa = XCBuildConfiguration;
			buildSettings = {
				ASSETCATALOG_COMPILER_APPICON_NAME = AppIcon;
				ASSETCATALOG_COMPILER_GLOBAL_ACCENT_COLOR_NAME = AccentColor;
				CODE_SIGN_STYLE = Automatic;
				CURRENT_PROJECT_VERSION = 1;
				DEVELOPMENT_TEAM = TR95D7JL29;
				GENERATE_INFOPLIST_FILE = YES;
				INFOPLIST_FILE = PracticalCombine/Info.plist;
				INFOPLIST_KEY_UIApplicationSupportsIndirectInputEvents = YES;
				INFOPLIST_KEY_UILaunchStoryboardName = LaunchScreen;
				INFOPLIST_KEY_UIMainStoryboardFile = Main;
				INFOPLIST_KEY_UISupportedInterfaceOrientations_iPad = "UIInterfaceOrientationPortrait UIInterfaceOrientationPortraitUpsideDown UIInterfaceOrientationLandscapeLeft UIInterfaceOrientationLandscapeRight";
				INFOPLIST_KEY_UISupportedInterfaceOrientations_iPhone = "UIInterfaceOrientationPortrait UIInterfaceOrientationLandscapeLeft UIInterfaceOrientationLandscapeRight";
				LD_RUNPATH_SEARCH_PATHS = (
					"$(inherited)",
					"@executable_path/Frameworks",
				);
				MARKETING_VERSION = 1.0;
				PRODUCT_BUNDLE_IDENTIFIER = XingSpace.PracticalCombine;
				PRODUCT_NAME = "$(TARGET_NAME)";
				SWIFT_EMIT_LOC_STRINGS = YES;
				SWIFT_VERSION = 5.0;
				TARGETED_DEVICE_FAMILY = "1,2";
			};
			name = Debug;
		};
		CE8AC3952811C2500033000E /* Release */ = {
			isa = XCBuildConfiguration;
			buildSettings = {
				ASSETCATALOG_COMPILER_APPICON_NAME = AppIcon;
				ASSETCATALOG_COMPILER_GLOBAL_ACCENT_COLOR_NAME = AccentColor;
				CODE_SIGN_STYLE = Automatic;
				CURRENT_PROJECT_VERSION = 1;
				DEVELOPMENT_TEAM = TR95D7JL29;
				GENERATE_INFOPLIST_FILE = YES;
				INFOPLIST_FILE = PracticalCombine/Info.plist;
				INFOPLIST_KEY_UIApplicationSupportsIndirectInputEvents = YES;
				INFOPLIST_KEY_UILaunchStoryboardName = LaunchScreen;
				INFOPLIST_KEY_UIMainStoryboardFile = Main;
				INFOPLIST_KEY_UISupportedInterfaceOrientations_iPad = "UIInterfaceOrientationPortrait UIInterfaceOrientationPortraitUpsideDown UIInterfaceOrientationLandscapeLeft UIInterfaceOrientationLandscapeRight";
				INFOPLIST_KEY_UISupportedInterfaceOrientations_iPhone = "UIInterfaceOrientationPortrait UIInterfaceOrientationLandscapeLeft UIInterfaceOrientationLandscapeRight";
				LD_RUNPATH_SEARCH_PATHS = (
					"$(inherited)",
					"@executable_path/Frameworks",
				);
				MARKETING_VERSION = 1.0;
				PRODUCT_BUNDLE_IDENTIFIER = XingSpace.PracticalCombine;
				PRODUCT_NAME = "$(TARGET_NAME)";
				SWIFT_EMIT_LOC_STRINGS = YES;
				SWIFT_VERSION = 5.0;
				TARGETED_DEVICE_FAMILY = "1,2";
			};
			name = Release;
		};
		CE8AC3972811C2500033000E /* Debug */ = {
			isa = XCBuildConfiguration;
			buildSettings = {
				ALWAYS_EMBED_SWIFT_STANDARD_LIBRARIES = YES;
				BUNDLE_LOADER = "$(TEST_HOST)";
				CODE_SIGN_STYLE = Automatic;
				CURRENT_PROJECT_VERSION = 1;
				DEVELOPMENT_TEAM = TR95D7JL29;
				GENERATE_INFOPLIST_FILE = YES;
				IPHONEOS_DEPLOYMENT_TARGET = 15.4;
				MARKETING_VERSION = 1.0;
				PRODUCT_BUNDLE_IDENTIFIER = XingSpace.PracticalCombineTests;
				PRODUCT_NAME = "$(TARGET_NAME)";
				SWIFT_EMIT_LOC_STRINGS = NO;
				SWIFT_VERSION = 5.0;
				TARGETED_DEVICE_FAMILY = "1,2";
				TEST_HOST = "$(BUILT_PRODUCTS_DIR)/PracticalCombine.app/PracticalCombine";
			};
			name = Debug;
		};
		CE8AC3982811C2500033000E /* Release */ = {
			isa = XCBuildConfiguration;
			buildSettings = {
				ALWAYS_EMBED_SWIFT_STANDARD_LIBRARIES = YES;
				BUNDLE_LOADER = "$(TEST_HOST)";
				CODE_SIGN_STYLE = Automatic;
				CURRENT_PROJECT_VERSION = 1;
				DEVELOPMENT_TEAM = TR95D7JL29;
				GENERATE_INFOPLIST_FILE = YES;
				IPHONEOS_DEPLOYMENT_TARGET = 15.4;
				MARKETING_VERSION = 1.0;
				PRODUCT_BUNDLE_IDENTIFIER = XingSpace.PracticalCombineTests;
				PRODUCT_NAME = "$(TARGET_NAME)";
				SWIFT_EMIT_LOC_STRINGS = NO;
				SWIFT_VERSION = 5.0;
				TARGETED_DEVICE_FAMILY = "1,2";
				TEST_HOST = "$(BUILT_PRODUCTS_DIR)/PracticalCombine.app/PracticalCombine";
			};
			name = Release;
		};
		CE8AC39A2811C2500033000E /* Debug */ = {
			isa = XCBuildConfiguration;
			buildSettings = {
				ALWAYS_EMBED_SWIFT_STANDARD_LIBRARIES = YES;
				CODE_SIGN_STYLE = Automatic;
				CURRENT_PROJECT_VERSION = 1;
				DEVELOPMENT_TEAM = TR95D7JL29;
				GENERATE_INFOPLIST_FILE = YES;
				MARKETING_VERSION = 1.0;
				PRODUCT_BUNDLE_IDENTIFIER = XingSpace.PracticalCombineUITests;
				PRODUCT_NAME = "$(TARGET_NAME)";
				SWIFT_EMIT_LOC_STRINGS = NO;
				SWIFT_VERSION = 5.0;
				TARGETED_DEVICE_FAMILY = "1,2";
				TEST_TARGET_NAME = PracticalCombine;
			};
			name = Debug;
		};
		CE8AC39B2811C2500033000E /* Release */ = {
			isa = XCBuildConfiguration;
			buildSettings = {
				ALWAYS_EMBED_SWIFT_STANDARD_LIBRARIES = YES;
				CODE_SIGN_STYLE = Automatic;
				CURRENT_PROJECT_VERSION = 1;
				DEVELOPMENT_TEAM = TR95D7JL29;
				GENERATE_INFOPLIST_FILE = YES;
				MARKETING_VERSION = 1.0;
				PRODUCT_BUNDLE_IDENTIFIER = XingSpace.PracticalCombineUITests;
				PRODUCT_NAME = "$(TARGET_NAME)";
				SWIFT_EMIT_LOC_STRINGS = NO;
				SWIFT_VERSION = 5.0;
				TARGETED_DEVICE_FAMILY = "1,2";
				TEST_TARGET_NAME = PracticalCombine;
			};
			name = Release;
		};
/* End XCBuildConfiguration section */

/* Begin XCConfigurationList section */
		CE8AC3642811C24E0033000E /* Build configuration list for PBXProject "PracticalCombine" */ = {
			isa = XCConfigurationList;
			buildConfigurations = (
				CE8AC3912811C2500033000E /* Debug */,
				CE8AC3922811C2500033000E /* Release */,
			);
			defaultConfigurationIsVisible = 0;
			defaultConfigurationName = Release;
		};
		CE8AC3932811C2500033000E /* Build configuration list for PBXNativeTarget "PracticalCombine" */ = {
			isa = XCConfigurationList;
			buildConfigurations = (
				CE8AC3942811C2500033000E /* Debug */,
				CE8AC3952811C2500033000E /* Release */,
			);
			defaultConfigurationIsVisible = 0;
			defaultConfigurationName = Release;
		};
		CE8AC3962811C2500033000E /* Build configuration list for PBXNativeTarget "PracticalCombineTests" */ = {
			isa = XCConfigurationList;
			buildConfigurations = (
				CE8AC3972811C2500033000E /* Debug */,
				CE8AC3982811C2500033000E /* Release */,
			);
			defaultConfigurationIsVisible = 0;
			defaultConfigurationName = Release;
		};
		CE8AC3992811C2500033000E /* Build configuration list for PBXNativeTarget "PracticalCombineUITests" */ = {
			isa = XCConfigurationList;
			buildConfigurations = (
				CE8AC39A2811C2500033000E /* Debug */,
				CE8AC39B2811C2500033000E /* Release */,
			);
			defaultConfigurationIsVisible = 0;
			defaultConfigurationName = Release;
		};
/* End XCConfigurationList section */
	};
	rootObject = CE8AC3612811C24E0033000E /* Project object */;
}
